// !$*UTF8*$!
{
	archiveVersion = 1;
	classes = {
	};
	objectVersion = 50;
	objects = {

/* Begin PBXBuildFile section */
		5CFF4F9F225C1AB500BCA56A /* AppDelegate.swift in Sources */ = {isa = PBXBuildFile; fileRef = 5CFF4F9E225C1AB500BCA56A /* AppDelegate.swift */; };
		5CFF4FA1225C1AB500BCA56A /* ViewController.swift in Sources */ = {isa = PBXBuildFile; fileRef = 5CFF4FA0225C1AB500BCA56A /* ViewController.swift */; };
		5CFF4FA4225C1AB500BCA56A /* Main.storyboard in Resources */ = {isa = PBXBuildFile; fileRef = 5CFF4FA2225C1AB500BCA56A /* Main.storyboard */; };
		5CFF4FA6225C1AB600BCA56A /* Assets.xcassets in Resources */ = {isa = PBXBuildFile; fileRef = 5CFF4FA5225C1AB600BCA56A /* Assets.xcassets */; };
		5CFF4FA9225C1AB600BCA56A /* LaunchScreen.storyboard in Resources */ = {isa = PBXBuildFile; fileRef = 5CFF4FA7225C1AB600BCA56A /* LaunchScreen.storyboard */; };
		5CFF4FB4225C1AB600BCA56A /* rednitteTests.swift in Sources */ = {isa = PBXBuildFile; fileRef = 5CFF4FB3225C1AB600BCA56A /* rednitteTests.swift */; };
		5CFF4FBF225C1AB600BCA56A /* rednitteUITests.swift in Sources */ = {isa = PBXBuildFile; fileRef = 5CFF4FBE225C1AB600BCA56A /* rednitteUITests.swift */; };
/* End PBXBuildFile section */

/* Begin PBXContainerItemProxy section */
		5CFF4FB0225C1AB600BCA56A /* PBXContainerItemProxy */ = {
			isa = PBXContainerItemProxy;
			containerPortal = 5CFF4F93225C1AB500BCA56A /* Project object */;
			proxyType = 1;
			remoteGlobalIDString = 5CFF4F9A225C1AB500BCA56A;
			remoteInfo = rednitte;
		};
		5CFF4FBB225C1AB600BCA56A /* PBXContainerItemProxy */ = {
			isa = PBXContainerItemProxy;
			containerPortal = 5CFF4F93225C1AB500BCA56A /* Project object */;
			proxyType = 1;
			remoteGlobalIDString = 5CFF4F9A225C1AB500BCA56A;
			remoteInfo = rednitte;
		};
/* End PBXContainerItemProxy section */

/* Begin PBXFileReference section */
		5CFF4F9B225C1AB500BCA56A /* rednitte.app */ = {isa = PBXFileReference; explicitFileType = wrapper.application; includeInIndex = 0; path = rednitte.app; sourceTree = BUILT_PRODUCTS_DIR; };
		5CFF4F9E225C1AB500BCA56A /* AppDelegate.swift */ = {isa = PBXFileReference; lastKnownFileType = sourcecode.swift; path = AppDelegate.swift; sourceTree = "<group>"; };
		5CFF4FA0225C1AB500BCA56A /* ViewController.swift */ = {isa = PBXFileReference; lastKnownFileType = sourcecode.swift; path = ViewController.swift; sourceTree = "<group>"; };
		5CFF4FA3225C1AB500BCA56A /* Base */ = {isa = PBXFileReference; lastKnownFileType = file.storyboard; name = Base; path = Base.lproj/Main.storyboard; sourceTree = "<group>"; };
		5CFF4FA5225C1AB600BCA56A /* Assets.xcassets */ = {isa = PBXFileReference; lastKnownFileType = folder.assetcatalog; path = Assets.xcassets; sourceTree = "<group>"; };
		5CFF4FA8225C1AB600BCA56A /* Base */ = {isa = PBXFileReference; lastKnownFileType = file.storyboard; name = Base; path = Base.lproj/LaunchScreen.storyboard; sourceTree = "<group>"; };
		5CFF4FAA225C1AB600BCA56A /* Info.plist */ = {isa = PBXFileReference; lastKnownFileType = text.plist.xml; path = Info.plist; sourceTree = "<group>"; };
		5CFF4FAF225C1AB600BCA56A /* rednitteTests.xctest */ = {isa = PBXFileReference; explicitFileType = wrapper.cfbundle; includeInIndex = 0; path = rednitteTests.xctest; sourceTree = BUILT_PRODUCTS_DIR; };
		5CFF4FB3225C1AB600BCA56A /* rednitteTests.swift */ = {isa = PBXFileReference; lastKnownFileType = sourcecode.swift; path = rednitteTests.swift; sourceTree = "<group>"; };
		5CFF4FB5225C1AB600BCA56A /* Info.plist */ = {isa = PBXFileReference; lastKnownFileType = text.plist.xml; path = Info.plist; sourceTree = "<group>"; };
		5CFF4FBA225C1AB600BCA56A /* rednitteUITests.xctest */ = {isa = PBXFileReference; explicitFileType = wrapper.cfbundle; includeInIndex = 0; path = rednitteUITests.xctest; sourceTree = BUILT_PRODUCTS_DIR; };
		5CFF4FBE225C1AB600BCA56A /* rednitteUITests.swift */ = {isa = PBXFileReference; lastKnownFileType = sourcecode.swift; path = rednitteUITests.swift; sourceTree = "<group>"; };
		5CFF4FC0225C1AB600BCA56A /* Info.plist */ = {isa = PBXFileReference; lastKnownFileType = text.plist.xml; path = Info.plist; sourceTree = "<group>"; };
/* End PBXFileReference section */

/* Begin PBXFrameworksBuildPhase section */
		5CFF4F98225C1AB500BCA56A /* Frameworks */ = {
			isa = PBXFrameworksBuildPhase;
			buildActionMask = 2147483647;
			files = (
			);
			runOnlyForDeploymentPostprocessing = 0;
		};
		5CFF4FAC225C1AB600BCA56A /* Frameworks */ = {
			isa = PBXFrameworksBuildPhase;
			buildActionMask = 2147483647;
			files = (
			);
			runOnlyForDeploymentPostprocessing = 0;
		};
		5CFF4FB7225C1AB600BCA56A /* Frameworks */ = {
			isa = PBXFrameworksBuildPhase;
			buildActionMask = 2147483647;
			files = (
			);
			runOnlyForDeploymentPostprocessing = 0;
		};
/* End PBXFrameworksBuildPhase section */

/* Begin PBXGroup section */
		5CFF4F92225C1AB500BCA56A = {
			isa = PBXGroup;
			children = (
				5CFF4F9D225C1AB500BCA56A /* rednitte */,
				5CFF4FB2225C1AB600BCA56A /* rednitteTests */,
				5CFF4FBD225C1AB600BCA56A /* rednitteUITests */,
				5CFF4F9C225C1AB500BCA56A /* Products */,
			);
			sourceTree = "<group>";
		};
		5CFF4F9C225C1AB500BCA56A /* Products */ = {
			isa = PBXGroup;
			children = (
				5CFF4F9B225C1AB500BCA56A /* rednitte.app */,
				5CFF4FAF225C1AB600BCA56A /* rednitteTests.xctest */,
				5CFF4FBA225C1AB600BCA56A /* rednitteUITests.xctest */,
			);
			name = Products;
			sourceTree = "<group>";
		};
		5CFF4F9D225C1AB500BCA56A /* rednitte */ = {
			isa = PBXGroup;
			children = (
				5CFF4F9E225C1AB500BCA56A /* AppDelegate.swift */,
				5CFF4FA0225C1AB500BCA56A /* ViewController.swift */,
				5CFF4FA2225C1AB500BCA56A /* Main.storyboard */,
				5CFF4FA5225C1AB600BCA56A /* Assets.xcassets */,
				5CFF4FA7225C1AB600BCA56A /* LaunchScreen.storyboard */,
				5CFF4FAA225C1AB600BCA56A /* Info.plist */,
			);
			path = rednitte;
			sourceTree = "<group>";
		};
		5CFF4FB2225C1AB600BCA56A /* rednitteTests */ = {
			isa = PBXGroup;
			children = (
				5CFF4FB3225C1AB600BCA56A /* rednitteTests.swift */,
				5CFF4FB5225C1AB600BCA56A /* Info.plist */,
			);
			path = rednitteTests;
			sourceTree = "<group>";
		};
		5CFF4FBD225C1AB600BCA56A /* rednitteUITests */ = {
			isa = PBXGroup;
			children = (
				5CFF4FBE225C1AB600BCA56A /* rednitteUITests.swift */,
				5CFF4FC0225C1AB600BCA56A /* Info.plist */,
			);
			path = rednitteUITests;
			sourceTree = "<group>";
		};
/* End PBXGroup section */

/* Begin PBXNativeTarget section */
		5CFF4F9A225C1AB500BCA56A /* rednitte */ = {
			isa = PBXNativeTarget;
			buildConfigurationList = 5CFF4FC3225C1AB600BCA56A /* Build configuration list for PBXNativeTarget "rednitte" */;
			buildPhases = (
				5CFF4F97225C1AB500BCA56A /* Sources */,
				5CFF4F98225C1AB500BCA56A /* Frameworks */,
				5CFF4F99225C1AB500BCA56A /* Resources */,
			);
			buildRules = (
			);
			dependencies = (
			);
			name = rednitte;
			productName = rednitte;
			productReference = 5CFF4F9B225C1AB500BCA56A /* rednitte.app */;
			productType = "com.apple.product-type.application";
		};
		5CFF4FAE225C1AB600BCA56A /* rednitteTests */ = {
			isa = PBXNativeTarget;
			buildConfigurationList = 5CFF4FC6225C1AB600BCA56A /* Build configuration list for PBXNativeTarget "rednitteTests" */;
			buildPhases = (
				5CFF4FAB225C1AB600BCA56A /* Sources */,
				5CFF4FAC225C1AB600BCA56A /* Frameworks */,
				5CFF4FAD225C1AB600BCA56A /* Resources */,
			);
			buildRules = (
			);
			dependencies = (
				5CFF4FB1225C1AB600BCA56A /* PBXTargetDependency */,
			);
			name = rednitteTests;
			productName = rednitteTests;
			productReference = 5CFF4FAF225C1AB600BCA56A /* rednitteTests.xctest */;
			productType = "com.apple.product-type.bundle.unit-test";
		};
		5CFF4FB9225C1AB600BCA56A /* rednitteUITests */ = {
			isa = PBXNativeTarget;
			buildConfigurationList = 5CFF4FC9225C1AB600BCA56A /* Build configuration list for PBXNativeTarget "rednitteUITests" */;
			buildPhases = (
				5CFF4FB6225C1AB600BCA56A /* Sources */,
				5CFF4FB7225C1AB600BCA56A /* Frameworks */,
				5CFF4FB8225C1AB600BCA56A /* Resources */,
			);
			buildRules = (
			);
			dependencies = (
				5CFF4FBC225C1AB600BCA56A /* PBXTargetDependency */,
			);
			name = rednitteUITests;
			productName = rednitteUITests;
			productReference = 5CFF4FBA225C1AB600BCA56A /* rednitteUITests.xctest */;
			productType = "com.apple.product-type.bundle.ui-testing";
		};
/* End PBXNativeTarget section */

/* Begin PBXProject section */
		5CFF4F93225C1AB500BCA56A /* Project object */ = {
			isa = PBXProject;
			attributes = {
				LastSwiftUpdateCheck = 1020;
				LastUpgradeCheck = 1020;
				ORGANIZATIONNAME = "板垣智也";
				TargetAttributes = {
					5CFF4F9A225C1AB500BCA56A = {
						CreatedOnToolsVersion = 10.2;
					};
					5CFF4FAE225C1AB600BCA56A = {
						CreatedOnToolsVersion = 10.2;
						TestTargetID = 5CFF4F9A225C1AB500BCA56A;
					};
					5CFF4FB9225C1AB600BCA56A = {
						CreatedOnToolsVersion = 10.2;
						TestTargetID = 5CFF4F9A225C1AB500BCA56A;
					};
				};
			};
			buildConfigurationList = 5CFF4F96225C1AB500BCA56A /* Build configuration list for PBXProject "rednitte" */;
			compatibilityVersion = "Xcode 9.3";
			developmentRegion = en;
			hasScannedForEncodings = 0;
			knownRegions = (
				en,
				Base,
			);
			mainGroup = 5CFF4F92225C1AB500BCA56A;
			productRefGroup = 5CFF4F9C225C1AB500BCA56A /* Products */;
			projectDirPath = "";
			projectRoot = "";
			targets = (
				5CFF4F9A225C1AB500BCA56A /* rednitte */,
				5CFF4FAE225C1AB600BCA56A /* rednitteTests */,
				5CFF4FB9225C1AB600BCA56A /* rednitteUITests */,
			);
		};
/* End PBXProject section */

/* Begin PBXResourcesBuildPhase section */
		5CFF4F99225C1AB500BCA56A /* Resources */ = {
			isa = PBXResourcesBuildPhase;
			buildActionMask = 2147483647;
			files = (
				5CFF4FA9225C1AB600BCA56A /* LaunchScreen.storyboard in Resources */,
				5CFF4FA6225C1AB600BCA56A /* Assets.xcassets in Resources */,
				5CFF4FA4225C1AB500BCA56A /* Main.storyboard in Resources */,
			);
			runOnlyForDeploymentPostprocessing = 0;
		};
		5CFF4FAD225C1AB600BCA56A /* Resources */ = {
			isa = PBXResourcesBuildPhase;
			buildActionMask = 2147483647;
			files = (
			);
			runOnlyForDeploymentPostprocessing = 0;
		};
		5CFF4FB8225C1AB600BCA56A /* Resources */ = {
			isa = PBXResourcesBuildPhase;
			buildActionMask = 2147483647;
			files = (
			);
			runOnlyForDeploymentPostprocessing = 0;
		};
/* End PBXResourcesBuildPhase section */

/* Begin PBXSourcesBuildPhase section */
		5CFF4F97225C1AB500BCA56A /* Sources */ = {
			isa = PBXSourcesBuildPhase;
			buildActionMask = 2147483647;
			files = (
				5CFF4FA1225C1AB500BCA56A /* ViewController.swift in Sources */,
				5CFF4F9F225C1AB500BCA56A /* AppDelegate.swift in Sources */,
			);
			runOnlyForDeploymentPostprocessing = 0;
		};
		5CFF4FAB225C1AB600BCA56A /* Sources */ = {
			isa = PBXSourcesBuildPhase;
			buildActionMask = 2147483647;
			files = (
				5CFF4FB4225C1AB600BCA56A /* rednitteTests.swift in Sources */,
			);
			runOnlyForDeploymentPostprocessing = 0;
		};
		5CFF4FB6225C1AB600BCA56A /* Sources */ = {
			isa = PBXSourcesBuildPhase;
			buildActionMask = 2147483647;
			files = (
				5CFF4FBF225C1AB600BCA56A /* rednitteUITests.swift in Sources */,
			);
			runOnlyForDeploymentPostprocessing = 0;
		};
/* End PBXSourcesBuildPhase section */

/* Begin PBXTargetDependency section */
		5CFF4FB1225C1AB600BCA56A /* PBXTargetDependency */ = {
			isa = PBXTargetDependency;
			target = 5CFF4F9A225C1AB500BCA56A /* rednitte */;
			targetProxy = 5CFF4FB0225C1AB600BCA56A /* PBXContainerItemProxy */;
		};
		5CFF4FBC225C1AB600BCA56A /* PBXTargetDependency */ = {
			isa = PBXTargetDependency;
			target = 5CFF4F9A225C1AB500BCA56A /* rednitte */;
			targetProxy = 5CFF4FBB225C1AB600BCA56A /* PBXContainerItemProxy */;
		};
/* End PBXTargetDependency section */

/* Begin PBXVariantGroup section */
		5CFF4FA2225C1AB500BCA56A /* Main.storyboard */ = {
			isa = PBXVariantGroup;
			children = (
				5CFF4FA3225C1AB500BCA56A /* Base */,
			);
			name = Main.storyboard;
			sourceTree = "<group>";
		};
		5CFF4FA7225C1AB600BCA56A /* LaunchScreen.storyboard */ = {
			isa = PBXVariantGroup;
			children = (
				5CFF4FA8225C1AB600BCA56A /* Base */,
			);
			name = LaunchScreen.storyboard;
			sourceTree = "<group>";
		};
/* End PBXVariantGroup section */

/* Begin XCBuildConfiguration section */
		5CFF4FC1225C1AB600BCA56A /* Debug */ = {
			isa = XCBuildConfiguration;
			buildSettings = {
				ALWAYS_SEARCH_USER_PATHS = NO;
				CLANG_ANALYZER_NONNULL = YES;
				CLANG_ANALYZER_NUMBER_OBJECT_CONVERSION = YES_AGGRESSIVE;
				CLANG_CXX_LANGUAGE_STANDARD = "gnu++14";
				CLANG_CXX_LIBRARY = "libc++";
				CLANG_ENABLE_MODULES = YES;
				CLANG_ENABLE_OBJC_ARC = YES;
				CLANG_ENABLE_OBJC_WEAK = YES;
				CLANG_WARN_BLOCK_CAPTURE_AUTORELEASING = YES;
				CLANG_WARN_BOOL_CONVERSION = YES;
				CLANG_WARN_COMMA = YES;
				CLANG_WARN_CONSTANT_CONVERSION = YES;
				CLANG_WARN_DEPRECATED_OBJC_IMPLEMENTATIONS = YES;
				CLANG_WARN_DIRECT_OBJC_ISA_USAGE = YES_ERROR;
				CLANG_WARN_DOCUMENTATION_COMMENTS = YES;
				CLANG_WARN_EMPTY_BODY = YES;
				CLANG_WARN_ENUM_CONVERSION = YES;
				CLANG_WARN_INFINITE_RECURSION = YES;
				CLANG_WARN_INT_CONVERSION = YES;
				CLANG_WARN_NON_LITERAL_NULL_CONVERSION = YES;
				CLANG_WARN_OBJC_IMPLICIT_RETAIN_SELF = YES;
				CLANG_WARN_OBJC_LITERAL_CONVERSION = YES;
				CLANG_WARN_OBJC_ROOT_CLASS = YES_ERROR;
				CLANG_WARN_RANGE_LOOP_ANALYSIS = YES;
				CLANG_WARN_STRICT_PROTOTYPES = YES;
				CLANG_WARN_SUSPICIOUS_MOVE = YES;
				CLANG_WARN_UNGUARDED_AVAILABILITY = YES_AGGRESSIVE;
				CLANG_WARN_UNREACHABLE_CODE = YES;
				CLANG_WARN__DUPLICATE_METHOD_MATCH = YES;
				CODE_SIGN_IDENTITY = "iPhone Developer";
				COPY_PHASE_STRIP = NO;
				DEBUG_INFORMATION_FORMAT = dwarf;
				ENABLE_STRICT_OBJC_MSGSEND = YES;
				ENABLE_TESTABILITY = YES;
				GCC_C_LANGUAGE_STANDARD = gnu11;
				GCC_DYNAMIC_NO_PIC = NO;
				GCC_NO_COMMON_BLOCKS = YES;
				GCC_OPTIMIZATION_LEVEL = 0;
				GCC_PREPROCESSOR_DEFINITIONS = (
					"DEBUG=1",
					"$(inherited)",
				);
				GCC_WARN_64_TO_32_BIT_CONVERSION = YES;
				GCC_WARN_ABOUT_RETURN_TYPE = YES_ERROR;
				GCC_WARN_UNDECLARED_SELECTOR = YES;
				GCC_WARN_UNINITIALIZED_AUTOS = YES_AGGRESSIVE;
				GCC_WARN_UNUSED_FUNCTION = YES;
				GCC_WARN_UNUSED_VARIABLE = YES;
				IPHONEOS_DEPLOYMENT_TARGET = 12.2;
				MTL_ENABLE_DEBUG_INFO = INCLUDE_SOURCE;
				MTL_FAST_MATH = YES;
				ONLY_ACTIVE_ARCH = YES;
				SDKROOT = iphoneos;
				SWIFT_ACTIVE_COMPILATION_CONDITIONS = DEBUG;
				SWIFT_OPTIMIZATION_LEVEL = "-Onone";
			};
			name = Debug;
		};
		5CFF4FC2225C1AB600BCA56A /* Release */ = {
			isa = XCBuildConfiguration;
			buildSettings = {
				ALWAYS_SEARCH_USER_PATHS = NO;
				CLANG_ANALYZER_NONNULL = YES;
				CLANG_ANALYZER_NUMBER_OBJECT_CONVERSION = YES_AGGRESSIVE;
				CLANG_CXX_LANGUAGE_STANDARD = "gnu++14";
				CLANG_CXX_LIBRARY = "libc++";
				CLANG_ENABLE_MODULES = YES;
				CLANG_ENABLE_OBJC_ARC = YES;
				CLANG_ENABLE_OBJC_WEAK = YES;
				CLANG_WARN_BLOCK_CAPTURE_AUTORELEASING = YES;
				CLANG_WARN_BOOL_CONVERSION = YES;
				CLANG_WARN_COMMA = YES;
				CLANG_WARN_CONSTANT_CONVERSION = YES;
				CLANG_WARN_DEPRECATED_OBJC_IMPLEMENTATIONS = YES;
				CLANG_WARN_DIRECT_OBJC_ISA_USAGE = YES_ERROR;
				CLANG_WARN_DOCUMENTATION_COMMENTS = YES;
				CLANG_WARN_EMPTY_BODY = YES;
				CLANG_WARN_ENUM_CONVERSION = YES;
				CLANG_WARN_INFINITE_RECURSION = YES;
				CLANG_WARN_INT_CONVERSION = YES;
				CLANG_WARN_NON_LITERAL_NULL_CONVERSION = YES;
				CLANG_WARN_OBJC_IMPLICIT_RETAIN_SELF = YES;
				CLANG_WARN_OBJC_LITERAL_CONVERSION = YES;
				CLANG_WARN_OBJC_ROOT_CLASS = YES_ERROR;
				CLANG_WARN_RANGE_LOOP_ANALYSIS = YES;
				CLANG_WARN_STRICT_PROTOTYPES = YES;
				CLANG_WARN_SUSPICIOUS_MOVE = YES;
				CLANG_WARN_UNGUARDED_AVAILABILITY = YES_AGGRESSIVE;
				CLANG_WARN_UNREACHABLE_CODE = YES;
				CLANG_WARN__DUPLICATE_METHOD_MATCH = YES;
				CODE_SIGN_IDENTITY = "iPhone Developer";
				COPY_PHASE_STRIP = NO;
				DEBUG_INFORMATION_FORMAT = "dwarf-with-dsym";
				ENABLE_NS_ASSERTIONS = NO;
				ENABLE_STRICT_OBJC_MSGSEND = YES;
				GCC_C_LANGUAGE_STANDARD = gnu11;
				GCC_NO_COMMON_BLOCKS = YES;
				GCC_WARN_64_TO_32_BIT_CONVERSION = YES;
				GCC_WARN_ABOUT_RETURN_TYPE = YES_ERROR;
				GCC_WARN_UNDECLARED_SELECTOR = YES;
				GCC_WARN_UNINITIALIZED_AUTOS = YES_AGGRESSIVE;
				GCC_WARN_UNUSED_FUNCTION = YES;
				GCC_WARN_UNUSED_VARIABLE = YES;
				IPHONEOS_DEPLOYMENT_TARGET = 12.2;
				MTL_ENABLE_DEBUG_INFO = NO;
				MTL_FAST_MATH = YES;
				SDKROOT = iphoneos;
				SWIFT_COMPILATION_MODE = wholemodule;
				SWIFT_OPTIMIZATION_LEVEL = "-O";
				VALIDATE_PRODUCT = YES;
			};
			name = Release;
		};
		5CFF4FC4225C1AB600BCA56A /* Debug */ = {
			isa = XCBuildConfiguration;
			buildSettings = {
				ASSETCATALOG_COMPILER_APPICON_NAME = AppIcon;
				CODE_SIGN_STYLE = Automatic;
				DEVELOPMENT_TEAM = BBP79TNKTL;
				INFOPLIST_FILE = rednitte/Info.plist;
				LD_RUNPATH_SEARCH_PATHS = (
					"$(inherited)",
					"@executable_path/Frameworks",
				);
				PRODUCT_BUNDLE_IDENTIFIER = com.oyatom.rednitte;
				PRODUCT_NAME = "$(TARGET_NAME)";
				SWIFT_VERSION = 5.0;
				TARGETED_DEVICE_FAMILY = "1,2";
			};
			name = Debug;
		};
		5CFF4FC5225C1AB600BCA56A /* Release */ = {
			isa = XCBuildConfiguration;
			buildSettings = {
				ASSETCATALOG_COMPILER_APPICON_NAME = AppIcon;
				CODE_SIGN_STYLE = Automatic;
				DEVELOPMENT_TEAM = BBP79TNKTL;
				INFOPLIST_FILE = rednitte/Info.plist;
				LD_RUNPATH_SEARCH_PATHS = (
					"$(inherited)",
					"@executable_path/Frameworks",
				);
				PRODUCT_BUNDLE_IDENTIFIER = com.oyatom.rednitte;
				PRODUCT_NAME = "$(TARGET_NAME)";
				SWIFT_VERSION = 5.0;
				TARGETED_DEVICE_FAMILY = "1,2";
			};
			name = Release;
		};
		5CFF4FC7225C1AB600BCA56A /* Debug */ = {
			isa = XCBuildConfiguration;
			buildSettings = {
				ALWAYS_EMBED_SWIFT_STANDARD_LIBRARIES = YES;
				BUNDLE_LOADER = "$(TEST_HOST)";
				CODE_SIGN_STYLE = Automatic;
				DEVELOPMENT_TEAM = BBP79TNKTL;
				INFOPLIST_FILE = rednitteTests/Info.plist;
				LD_RUNPATH_SEARCH_PATHS = (
					"$(inherited)",
					"@executable_path/Frameworks",
					"@loader_path/Frameworks",
				);
				PRODUCT_BUNDLE_IDENTIFIER = com.oyatom.rednitteTests;
				PRODUCT_NAME = "$(TARGET_NAME)";
				SWIFT_VERSION = 5.0;
				TARGETED_DEVICE_FAMILY = "1,2";
				TEST_HOST = "$(BUILT_PRODUCTS_DIR)/rednitte.app/rednitte";
			};
			name = Debug;
		};
		5CFF4FC8225C1AB600BCA56A /* Release */ = {
			isa = XCBuildConfiguration;
			buildSettings = {
				ALWAYS_EMBED_SWIFT_STANDARD_LIBRARIES = YES;
				BUNDLE_LOADER = "$(TEST_HOST)";
				CODE_SIGN_STYLE = Automatic;
				DEVELOPMENT_TEAM = BBP79TNKTL;
				INFOPLIST_FILE = rednitteTests/Info.plist;
				LD_RUNPATH_SEARCH_PATHS = (
					"$(inherited)",
					"@executable_path/Frameworks",
					"@loader_path/Frameworks",
				);
				PRODUCT_BUNDLE_IDENTIFIER = com.oyatom.rednitteTests;
				PRODUCT_NAME = "$(TARGET_NAME)";
				SWIFT_VERSION = 5.0;
				TARGETED_DEVICE_FAMILY = "1,2";
				TEST_HOST = "$(BUILT_PRODUCTS_DIR)/rednitte.app/rednitte";
			};
			name = Release;
		};
		5CFF4FCA225C1AB600BCA56A /* Debug */ = {
			isa = XCBuildConfiguration;
			buildSettings = {
				ALWAYS_EMBED_SWIFT_STANDARD_LIBRARIES = YES;
				CODE_SIGN_STYLE = Automatic;
				DEVELOPMENT_TEAM = BBP79TNKTL;
				INFOPLIST_FILE = rednitteUITests/Info.plist;
				LD_RUNPATH_SEARCH_PATHS = (
					"$(inherited)",
					"@executable_path/Frameworks",
					"@loader_path/Frameworks",
				);
				PRODUCT_BUNDLE_IDENTIFIER = com.oyatom.rednitteUITests;
				PRODUCT_NAME = "$(TARGET_NAME)";
				SWIFT_VERSION = 5.0;
				TARGETED_DEVICE_FAMILY = "1,2";
				TEST_TARGET_NAME = rednitte;
			};
			name = Debug;
		};
		5CFF4FCB225C1AB600BCA56A /* Release */ = {
			isa = XCBuildConfiguration;
			buildSettings = {
				ALWAYS_EMBED_SWIFT_STANDARD_LIBRARIES = YES;
				CODE_SIGN_STYLE = Automatic;
				DEVELOPMENT_TEAM = BBP79TNKTL;
				INFOPLIST_FILE = rednitteUITests/Info.plist;
				LD_RUNPATH_SEARCH_PATHS = (
					"$(inherited)",
					"@executable_path/Frameworks",
					"@loader_path/Frameworks",
				);
				PRODUCT_BUNDLE_IDENTIFIER = com.oyatom.rednitteUITests;
				PRODUCT_NAME = "$(TARGET_NAME)";
				SWIFT_VERSION = 5.0;
				TARGETED_DEVICE_FAMILY = "1,2";
				TEST_TARGET_NAME = rednitte;
			};
			name = Release;
		};
/* End XCBuildConfiguration section */

/* Begin XCConfigurationList section */
		5CFF4F96225C1AB500BCA56A /* Build configuration list for PBXProject "rednitte" */ = {
			isa = XCConfigurationList;
			buildConfigurations = (
				5CFF4FC1225C1AB600BCA56A /* Debug */,
				5CFF4FC2225C1AB600BCA56A /* Release */,
			);
			defaultConfigurationIsVisible = 0;
			defaultConfigurationName = Release;
		};
		5CFF4FC3225C1AB600BCA56A /* Build configuration list for PBXNativeTarget "rednitte" */ = {
			isa = XCConfigurationList;
			buildConfigurations = (
				5CFF4FC4225C1AB600BCA56A /* Debug */,
				5CFF4FC5225C1AB600BCA56A /* Release */,
			);
			defaultConfigurationIsVisible = 0;
			defaultConfigurationName = Release;
		};
		5CFF4FC6225C1AB600BCA56A /* Build configuration list for PBXNativeTarget "rednitteTests" */ = {
			isa = XCConfigurationList;
			buildConfigurations = (
				5CFF4FC7225C1AB600BCA56A /* Debug */,
				5CFF4FC8225C1AB600BCA56A /* Release */,
			);
			defaultConfigurationIsVisible = 0;
			defaultConfigurationName = Release;
		};
		5CFF4FC9225C1AB600BCA56A /* Build configuration list for PBXNativeTarget "rednitteUITests" */ = {
			isa = XCConfigurationList;
			buildConfigurations = (
				5CFF4FCA225C1AB600BCA56A /* Debug */,
				5CFF4FCB225C1AB600BCA56A /* Release */,
			);
			defaultConfigurationIsVisible = 0;
			defaultConfigurationName = Release;
		};
/* End XCConfigurationList section */
	};
	rootObject = 5CFF4F93225C1AB500BCA56A /* Project object */;
}
